
Microsoft Visual Studio Solution File, Format Version 12.00
# Visual Studio 15
VisualStudioVersion = 15.0.28307.168
MinimumVisualStudioVersion = 10.0.40219.1
Project("{FAE04EC0-301F-11D3-BF4B-00C04F79EFBC}") = "JobbyGarden", "JobbyGarden\JobbyGarden.csproj", "{710E84B1-BEFD-43AE-B815-73DDEA916260}"
EndProject
Global
	GlobalSection(SolutionConfigurationPlatforms) = preSolution
		Debug|Any CPU = Debug|Any CPU
		Release|Any CPU = Release|Any CPU
	EndGlobalSection
	GlobalSection(ProjectConfigurationPlatforms) = postSolution
		{710E84B1-BEFD-43AE-B815-73DDEA916260}.Debug|Any CPU.ActiveCfg = Debug|Any CPU
		{710E84B1-BEFD-43AE-B815-73DDEA916260}.Debug|Any CPU.Build.0 = Debug|Any CPU
		{710E84B1-BEFD-43AE-B815-73DDEA916260}.Release|Any CPU.ActiveCfg = Release|Any CPU
		{710E84B1-BEFD-43AE-B815-73DDEA916260}.Release|Any CPU.Build.0 = Release|Any CPU
	EndGlobalSection
	GlobalSection(SolutionProperties) = preSolution
		HideSolutionNode = FALSE
	EndGlobalSection
	GlobalSection(ExtensibilityGlobals) = postSolution
		SolutionGuid = {4B3F7C2B-6B3E-4B20-9D8C-A7F08ECECCC7}
	EndGlobalSection
EndGlobal
